PODS:
  - EmotionKeyboard (0.0.4):
    - Masonry
  - Masonry (1.1.0)

DEPENDENCIES:
  - EmotionKeyboard (from `../`)

SPEC REPOS:
  trunk:
    - Masonry

EXTERNAL SOURCES:
  EmotionKeyboard:
    :path: "../"

SPEC CHECKSUMS:
  EmotionKeyboard: 75823fa5b9d9a444d07fc7bdf3d71138f08ab3a3
  Masonry: 678fab65091a9290e40e2832a55e7ab731aad201

PODFILE CHECKSUM: e23073886954316f3cd0c33cf7d983e5b5bda30b

COCOAPODS: 1.11.2
