PODS:
  - EmotionKeyboard (0.0.3):
    - Masonry
  - Masonry (1.1.0)

DEPENDENCIES:
  - EmotionKeyboard (from `../`)

SPEC REPOS:
  trunk:
    - Masonry

EXTERNAL SOURCES:
  EmotionKeyboard:
    :path: "../"

SPEC CHECKSUMS:
  EmotionKeyboard: 4273e906c8524deb85bb0f8309ce80014c44e2d7
  Masonry: 678fab65091a9290e40e2832a55e7ab731aad201

PODFILE CHECKSUM: e23073886954316f3cd0c33cf7d983e5b5bda30b

COCOAPODS: 1.9.0.beta.2
